
Microsoft Visual Studio Solution File, Format Version 12.00
# Visual Studio 2015
Project("{FAE04EC0-301F-11D3-BF4B-00C04F79EFBC}") = "game dev.CSharp", "game dev.CSharp.csproj", "{882F07FA-6662-8EBE-17B8-44F21B6093CB}"
EndProject
Global
	GlobalSection(SolutionConfigurationPlatforms) = preSolution
		Debug|Any CPU = Debug|Any CPU
		Release|Any CPU = Release|Any CPU
	EndGlobalSection
	GlobalSection(ProjectConfigurationPlatforms) = postSolution
		{882F07FA-6662-8EBE-17B8-44F21B6093CB}.Debug|Any CPU.ActiveCfg = Debug|Any CPU
		{882F07FA-6662-8EBE-17B8-44F21B6093CB}.Debug|Any CPU.Build.0 = Debug|Any CPU
		{882F07FA-6662-8EBE-17B8-44F21B6093CB}.Release|Any CPU.ActiveCfg = Release|Any CPU
		{882F07FA-6662-8EBE-17B8-44F21B6093CB}.Release|Any CPU.Build.0 = Release|Any CPU
	EndGlobalSection
	GlobalSection(SolutionProperties) = preSolution
		HideSolutionNode = FALSE
	EndGlobalSection
EndGlobal
